
Microsoft Visual Studio Solution File, Format Version 12.00
# Visual Studio Version 17
VisualStudioVersion = 17.0.31903.59
MinimumVisualStudioVersion = 10.0.40219.1
Project("{2150E333-8FDC-42A3-9474-1A3956D46DE8}") = "src", "src", "{62D6FDD9-773D-47DB-B734-BCF235D0FBDE}"
EndProject
Project("{FAE04EC0-301F-11D3-BF4B-00C04F79EFBC}") = "WorkflowHub.Api", "src\WorkflowHub.Api\WorkflowHub.Api.csproj", "{DB814156-ED5A-4B71-9609-181B4D5DF54E}"
EndProject
Project("{FAE04EC0-301F-11D3-BF4B-00C04F79EFBC}") = "WorkflowHub.Application", "src\WorkflowHub.Application\WorkflowHub.Application.csproj", "{4DC1BA02-9B39-4438-911E-245F91159A07}"
EndProject
Project("{FAE04EC0-301F-11D3-BF4B-00C04F79EFBC}") = "WorkflowHub.Data", "src\WorkflowHub.Data\WorkflowHub.Data.csproj", "{C0C2CC6C-51A5-4688-9E5C-961F33607E61}"
EndProject
Project("{FAE04EC0-301F-11D3-BF4B-00C04F79EFBC}") = "WorkflowHub.Common", "src\WorkflowHub.Common\WorkflowHub.Common.csproj", "{D2D55316-7EE1-4308-B6BE-85A4895D864B}"
EndProject
Global
	GlobalSection(SolutionConfigurationPlatforms) = preSolution
		Debug|Any CPU = Debug|Any CPU
		Release|Any CPU = Release|Any CPU
	EndGlobalSection
	GlobalSection(SolutionProperties) = preSolution
		HideSolutionNode = FALSE
	EndGlobalSection
	GlobalSection(ProjectConfigurationPlatforms) = postSolution
		{DB814156-ED5A-4B71-9609-181B4D5DF54E}.Debug|Any CPU.ActiveCfg = Debug|Any CPU
		{DB814156-ED5A-4B71-9609-181B4D5DF54E}.Debug|Any CPU.Build.0 = Debug|Any CPU
		{DB814156-ED5A-4B71-9609-181B4D5DF54E}.Release|Any CPU.ActiveCfg = Release|Any CPU
		{DB814156-ED5A-4B71-9609-181B4D5DF54E}.Release|Any CPU.Build.0 = Release|Any CPU
		{4DC1BA02-9B39-4438-911E-245F91159A07}.Debug|Any CPU.ActiveCfg = Debug|Any CPU
		{4DC1BA02-9B39-4438-911E-245F91159A07}.Debug|Any CPU.Build.0 = Debug|Any CPU
		{4DC1BA02-9B39-4438-911E-245F91159A07}.Release|Any CPU.ActiveCfg = Release|Any CPU
		{4DC1BA02-9B39-4438-911E-245F91159A07}.Release|Any CPU.Build.0 = Release|Any CPU
		{C0C2CC6C-51A5-4688-9E5C-961F33607E61}.Debug|Any CPU.ActiveCfg = Debug|Any CPU
		{C0C2CC6C-51A5-4688-9E5C-961F33607E61}.Debug|Any CPU.Build.0 = Debug|Any CPU
		{C0C2CC6C-51A5-4688-9E5C-961F33607E61}.Release|Any CPU.ActiveCfg = Release|Any CPU
		{C0C2CC6C-51A5-4688-9E5C-961F33607E61}.Release|Any CPU.Build.0 = Release|Any CPU
		{D2D55316-7EE1-4308-B6BE-85A4895D864B}.Debug|Any CPU.ActiveCfg = Debug|Any CPU
		{D2D55316-7EE1-4308-B6BE-85A4895D864B}.Debug|Any CPU.Build.0 = Debug|Any CPU
		{D2D55316-7EE1-4308-B6BE-85A4895D864B}.Release|Any CPU.ActiveCfg = Release|Any CPU
		{D2D55316-7EE1-4308-B6BE-85A4895D864B}.Release|Any CPU.Build.0 = Release|Any CPU
	EndGlobalSection
	GlobalSection(NestedProjects) = preSolution
		{DB814156-ED5A-4B71-9609-181B4D5DF54E} = {62D6FDD9-773D-47DB-B734-BCF235D0FBDE}
		{4DC1BA02-9B39-4438-911E-245F91159A07} = {62D6FDD9-773D-47DB-B734-BCF235D0FBDE}
		{C0C2CC6C-51A5-4688-9E5C-961F33607E61} = {62D6FDD9-773D-47DB-B734-BCF235D0FBDE}
		{D2D55316-7EE1-4308-B6BE-85A4895D864B} = {62D6FDD9-773D-47DB-B734-BCF235D0FBDE}
	EndGlobalSection
EndGlobal
